
Microsoft Visual Studio Solution File, Format Version 12.00
# Visual Studio Version 17
VisualStudioVersion = 17.6.33723.286
MinimumVisualStudioVersion = 10.0.40219.1
Project("{FAE04EC0-301F-11D3-BF4B-00C04F79EFBC}") = "WebApplicationNew", "WebApplicationNew\WebApplicationNew.csproj", "{6EB072BE-93D6-493B-A70C-64166AE0BE38}"
EndProject
Global
	GlobalSection(SolutionConfigurationPlatforms) = preSolution
		Debug|Any CPU = Debug|Any CPU
		Release|Any CPU = Release|Any CPU
	EndGlobalSection
	GlobalSection(ProjectConfigurationPlatforms) = postSolution
		{6EB072BE-93D6-493B-A70C-64166AE0BE38}.Debug|Any CPU.ActiveCfg = Debug|Any CPU
		{6EB072BE-93D6-493B-A70C-64166AE0BE38}.Debug|Any CPU.Build.0 = Debug|Any CPU
		{6EB072BE-93D6-493B-A70C-64166AE0BE38}.Release|Any CPU.ActiveCfg = Release|Any CPU
		{6EB072BE-93D6-493B-A70C-64166AE0BE38}.Release|Any CPU.Build.0 = Release|Any CPU
	EndGlobalSection
	GlobalSection(SolutionProperties) = preSolution
		HideSolutionNode = FALSE
	EndGlobalSection
	GlobalSection(ExtensibilityGlobals) = postSolution
		SolutionGuid = {487DF6FC-7087-4B2C-91D3-02864A33529F}
	EndGlobalSection
EndGlobal
