
Microsoft Visual Studio Solution File, Format Version 12.00
# Visual Studio Version 17
VisualStudioVersion = 17.6.33723.286
MinimumVisualStudioVersion = 10.0.40219.1
Project("{9A19103F-16F7-4668-BE54-9A1E7A4F7556}") = "EDS.UI", "EDS.UI\EDS.UI.csproj", "{9AC7C91F-7C28-4D60-9B37-113FD90B5F89}"
EndProject
Project("{FAE04EC0-301F-11D3-BF4B-00C04F79EFBC}") = "ElevatorUI", "ElevatorUI\ElevatorUI.csproj", "{004F850F-6107-4039-836C-8733D6036B14}"
EndProject
Global
	GlobalSection(SolutionConfigurationPlatforms) = preSolution
		Debug|Any CPU = Debug|Any CPU
		Release|Any CPU = Release|Any CPU
	EndGlobalSection
	GlobalSection(ProjectConfigurationPlatforms) = postSolution
		{9AC7C91F-7C28-4D60-9B37-113FD90B5F89}.Debug|Any CPU.ActiveCfg = Debug|Any CPU
		{9AC7C91F-7C28-4D60-9B37-113FD90B5F89}.Debug|Any CPU.Build.0 = Debug|Any CPU
		{9AC7C91F-7C28-4D60-9B37-113FD90B5F89}.Release|Any CPU.ActiveCfg = Release|Any CPU
		{9AC7C91F-7C28-4D60-9B37-113FD90B5F89}.Release|Any CPU.Build.0 = Release|Any CPU
		{004F850F-6107-4039-836C-8733D6036B14}.Debug|Any CPU.ActiveCfg = Debug|Any CPU
		{004F850F-6107-4039-836C-8733D6036B14}.Debug|Any CPU.Build.0 = Debug|Any CPU
		{004F850F-6107-4039-836C-8733D6036B14}.Release|Any CPU.ActiveCfg = Release|Any CPU
		{004F850F-6107-4039-836C-8733D6036B14}.Release|Any CPU.Build.0 = Release|Any CPU
	EndGlobalSection
	GlobalSection(SolutionProperties) = preSolution
		HideSolutionNode = FALSE
	EndGlobalSection
	GlobalSection(ExtensibilityGlobals) = postSolution
		SolutionGuid = {833C09E9-B56B-47BA-A3A6-50F61EEE983B}
	EndGlobalSection
EndGlobal
